// !$*UTF8*$!
{
	archiveVersion = 1;
	classes = {
	};
	objectVersion = 48;
	objects = {

/* Begin PBXBuildFile section */
		51491397206C410400C55427 /* DisabledView.swift in Sources */ = {isa = PBXBuildFile; fileRef = 51491396206C410400C55427 /* DisabledView.swift */; };
		51491399206C411C00C55427 /* DisabledView.xib in Resources */ = {isa = PBXBuildFile; fileRef = 51491398206C411C00C55427 /* DisabledView.xib */; };
		51ACFEB4216DBE06008F0488 /* TimerSelection.swift in Sources */ = {isa = PBXBuildFile; fileRef = 51ACFEB3216DBE06008F0488 /* TimerSelection.swift */; };
		51ACFEB6216DBE17008F0488 /* TimerSelection.xib in Resources */ = {isa = PBXBuildFile; fileRef = 51ACFEB5216DBE17008F0488 /* TimerSelection.xib */; };
		A2C60923206759C800C7E2F7 /* AppDelegate.swift in Sources */ = {isa = PBXBuildFile; fileRef = A2C60922206759C800C7E2F7 /* AppDelegate.swift */; };
		A2C60925206759C800C7E2F7 /* ViewController.swift in Sources */ = {isa = PBXBuildFile; fileRef = A2C60924206759C800C7E2F7 /* ViewController.swift */; };
		A2C60928206759C800C7E2F7 /* Main.storyboard in Resources */ = {isa = PBXBuildFile; fileRef = A2C60926206759C800C7E2F7 /* Main.storyboard */; };
		A2C6092A206759C800C7E2F7 /* Assets.xcassets in Resources */ = {isa = PBXBuildFile; fileRef = A2C60929206759C800C7E2F7 /* Assets.xcassets */; };
		A2C6092D206759C800C7E2F7 /* LaunchScreen.storyboard in Resources */ = {isa = PBXBuildFile; fileRef = A2C6092B206759C800C7E2F7 /* LaunchScreen.storyboard */; };
		A2C6093720675AB800C7E2F7 /* BluetoothSerial.swift in Sources */ = {isa = PBXBuildFile; fileRef = A2C6093620675AB800C7E2F7 /* BluetoothSerial.swift */; };
		A2C6093920675B2000C7E2F7 /* ScannerController.swift in Sources */ = {isa = PBXBuildFile; fileRef = A2C6093820675B2000C7E2F7 /* ScannerController.swift */; };
		A2C6093B20677ED800C7E2F7 /* Declarations.swift in Sources */ = {isa = PBXBuildFile; fileRef = A2C6093A20677ED800C7E2F7 /* Declarations.swift */; };
		A2C6093D2067833400C7E2F7 /* ConnectorController.swift in Sources */ = {isa = PBXBuildFile; fileRef = A2C6093C2067833400C7E2F7 /* ConnectorController.swift */; };
/* End PBXBuildFile section */

/* Begin PBXFileReference section */
		51491396206C410400C55427 /* DisabledView.swift */ = {isa = PBXFileReference; lastKnownFileType = sourcecode.swift; path = DisabledView.swift; sourceTree = "<group>"; };
		51491398206C411C00C55427 /* DisabledView.xib */ = {isa = PBXFileReference; lastKnownFileType = file.xib; path = DisabledView.xib; sourceTree = "<group>"; };
		51ACFEB3216DBE06008F0488 /* TimerSelection.swift */ = {isa = PBXFileReference; lastKnownFileType = sourcecode.swift; path = TimerSelection.swift; sourceTree = "<group>"; };
		51ACFEB5216DBE17008F0488 /* TimerSelection.xib */ = {isa = PBXFileReference; lastKnownFileType = file.xib; path = TimerSelection.xib; sourceTree = "<group>"; };
		A2C6091F206759C800C7E2F7 /* FLICommander.app */ = {isa = PBXFileReference; explicitFileType = wrapper.application; includeInIndex = 0; path = FLICommander.app; sourceTree = BUILT_PRODUCTS_DIR; };
		A2C60922206759C800C7E2F7 /* AppDelegate.swift */ = {isa = PBXFileReference; lastKnownFileType = sourcecode.swift; path = AppDelegate.swift; sourceTree = "<group>"; };
		A2C60924206759C800C7E2F7 /* ViewController.swift */ = {isa = PBXFileReference; lastKnownFileType = sourcecode.swift; path = ViewController.swift; sourceTree = "<group>"; };
		A2C60927206759C800C7E2F7 /* Base */ = {isa = PBXFileReference; lastKnownFileType = file.storyboard; name = Base; path = Base.lproj/Main.storyboard; sourceTree = "<group>"; };
		A2C60929206759C800C7E2F7 /* Assets.xcassets */ = {isa = PBXFileReference; lastKnownFileType = folder.assetcatalog; path = Assets.xcassets; sourceTree = "<group>"; };
		A2C6092C206759C800C7E2F7 /* Base */ = {isa = PBXFileReference; lastKnownFileType = file.storyboard; name = Base; path = Base.lproj/LaunchScreen.storyboard; sourceTree = "<group>"; };
		A2C6092E206759C800C7E2F7 /* Info.plist */ = {isa = PBXFileReference; lastKnownFileType = text.plist.xml; path = Info.plist; sourceTree = "<group>"; };
		A2C6093620675AB800C7E2F7 /* BluetoothSerial.swift */ = {isa = PBXFileReference; fileEncoding = 4; lastKnownFileType = sourcecode.swift; path = BluetoothSerial.swift; sourceTree = "<group>"; };
		A2C6093820675B2000C7E2F7 /* ScannerController.swift */ = {isa = PBXFileReference; lastKnownFileType = sourcecode.swift; path = ScannerController.swift; sourceTree = "<group>"; };
		A2C6093A20677ED800C7E2F7 /* Declarations.swift */ = {isa = PBXFileReference; lastKnownFileType = sourcecode.swift; path = Declarations.swift; sourceTree = "<group>"; };
		A2C6093C2067833400C7E2F7 /* ConnectorController.swift */ = {isa = PBXFileReference; lastKnownFileType = sourcecode.swift; path = ConnectorController.swift; sourceTree = "<group>"; };
/* End PBXFileReference section */

/* Begin PBXFrameworksBuildPhase section */
		A2C6091C206759C800C7E2F7 /* Frameworks */ = {
			isa = PBXFrameworksBuildPhase;
			buildActionMask = 2147483647;
			files = (
			);
			runOnlyForDeploymentPostprocessing = 0;
		};
/* End PBXFrameworksBuildPhase section */

/* Begin PBXGroup section */
		A2C60916206759C800C7E2F7 = {
			isa = PBXGroup;
			children = (
				A2C60921206759C800C7E2F7 /* FLICommander */,
				A2C60920206759C800C7E2F7 /* Products */,
			);
			sourceTree = "<group>";
		};
		A2C60920206759C800C7E2F7 /* Products */ = {
			isa = PBXGroup;
			children = (
				A2C6091F206759C800C7E2F7 /* FLICommander.app */,
			);
			name = Products;
			sourceTree = "<group>";
		};
		A2C60921206759C800C7E2F7 /* FLICommander */ = {
			isa = PBXGroup;
			children = (
				A2C60922206759C800C7E2F7 /* AppDelegate.swift */,
				A2C60924206759C800C7E2F7 /* ViewController.swift */,
				A2C6093C2067833400C7E2F7 /* ConnectorController.swift */,
				A2C6093820675B2000C7E2F7 /* ScannerController.swift */,
				A2C6093A20677ED800C7E2F7 /* Declarations.swift */,
				51491396206C410400C55427 /* DisabledView.swift */,
				51491398206C411C00C55427 /* DisabledView.xib */,
				51ACFEB3216DBE06008F0488 /* TimerSelection.swift */,
				51ACFEB5216DBE17008F0488 /* TimerSelection.xib */,
				A2C6093620675AB800C7E2F7 /* BluetoothSerial.swift */,
				A2C60926206759C800C7E2F7 /* Main.storyboard */,
				A2C60929206759C800C7E2F7 /* Assets.xcassets */,
				A2C6092B206759C800C7E2F7 /* LaunchScreen.storyboard */,
				A2C6092E206759C800C7E2F7 /* Info.plist */,
			);
			path = FLICommander;
			sourceTree = "<group>";
		};
/* End PBXGroup section */

/* Begin PBXNativeTarget section */
		A2C6091E206759C800C7E2F7 /* FLICommander */ = {
			isa = PBXNativeTarget;
			buildConfigurationList = A2C60931206759C800C7E2F7 /* Build configuration list for PBXNativeTarget "FLICommander" */;
			buildPhases = (
				A2C6091B206759C800C7E2F7 /* Sources */,
				A2C6091C206759C800C7E2F7 /* Frameworks */,
				A2C6091D206759C800C7E2F7 /* Resources */,
			);
			buildRules = (
			);
			dependencies = (
			);
			name = FLICommander;
			productName = FLICommander;
			productReference = A2C6091F206759C800C7E2F7 /* FLICommander.app */;
			productType = "com.apple.product-type.application";
		};
/* End PBXNativeTarget section */

/* Begin PBXProject section */
		A2C60917206759C800C7E2F7 /* Project object */ = {
			isa = PBXProject;
			attributes = {
				LastSwiftUpdateCheck = 0920;
				LastUpgradeCheck = 0920;
				ORGANIZATIONNAME = "Mitchell Sweet";
				TargetAttributes = {
					A2C6091E206759C800C7E2F7 = {
						CreatedOnToolsVersion = 9.2;
						ProvisioningStyle = Automatic;
					};
				};
			};
			buildConfigurationList = A2C6091A206759C800C7E2F7 /* Build configuration list for PBXProject "FLICommander" */;
			compatibilityVersion = "Xcode 8.0";
			developmentRegion = en;
			hasScannedForEncodings = 0;
			knownRegions = (
				en,
				Base,
			);
			mainGroup = A2C60916206759C800C7E2F7;
			productRefGroup = A2C60920206759C800C7E2F7 /* Products */;
			projectDirPath = "";
			projectRoot = "";
			targets = (
				A2C6091E206759C800C7E2F7 /* FLICommander */,
			);
		};
/* End PBXProject section */

/* Begin PBXResourcesBuildPhase section */
		A2C6091D206759C800C7E2F7 /* Resources */ = {
			isa = PBXResourcesBuildPhase;
			buildActionMask = 2147483647;
			files = (
				51491399206C411C00C55427 /* DisabledView.xib in Resources */,
				A2C6092D206759C800C7E2F7 /* LaunchScreen.storyboard in Resources */,
				A2C6092A206759C800C7E2F7 /* Assets.xcassets in Resources */,
				51ACFEB6216DBE17008F0488 /* TimerSelection.xib in Resources */,
				A2C60928206759C800C7E2F7 /* Main.storyboard in Resources */,
			);
			runOnlyForDeploymentPostprocessing = 0;
		};
/* End PBXResourcesBuildPhase section */

/* Begin PBXSourcesBuildPhase section */
		A2C6091B206759C800C7E2F7 /* Sources */ = {
			isa = PBXSourcesBuildPhase;
			buildActionMask = 2147483647;
			files = (
				A2C6093B20677ED800C7E2F7 /* Declarations.swift in Sources */,
				51491397206C410400C55427 /* DisabledView.swift in Sources */,
				A2C6093920675B2000C7E2F7 /* ScannerController.swift in Sources */,
				A2C60925206759C800C7E2F7 /* ViewController.swift in Sources */,
				A2C60923206759C800C7E2F7 /* AppDelegate.swift in Sources */,
				A2C6093720675AB800C7E2F7 /* BluetoothSerial.swift in Sources */,
				51ACFEB4216DBE06008F0488 /* TimerSelection.swift in Sources */,
				A2C6093D2067833400C7E2F7 /* ConnectorController.swift in Sources */,
			);
			runOnlyForDeploymentPostprocessing = 0;
		};
/* End PBXSourcesBuildPhase section */

/* Begin PBXVariantGroup section */
		A2C60926206759C800C7E2F7 /* Main.storyboard */ = {
			isa = PBXVariantGroup;
			children = (
				A2C60927206759C800C7E2F7 /* Base */,
			);
			name = Main.storyboard;
			sourceTree = "<group>";
		};
		A2C6092B206759C800C7E2F7 /* LaunchScreen.storyboard */ = {
			isa = PBXVariantGroup;
			children = (
				A2C6092C206759C800C7E2F7 /* Base */,
			);
			name = LaunchScreen.storyboard;
			sourceTree = "<group>";
		};
/* End PBXVariantGroup section */

/* Begin XCBuildConfiguration section */
		A2C6092F206759C800C7E2F7 /* Debug */ = {
			isa = XCBuildConfiguration;
			buildSettings = {
				ALWAYS_SEARCH_USER_PATHS = NO;
				CLANG_ANALYZER_NONNULL = YES;
				CLANG_ANALYZER_NUMBER_OBJECT_CONVERSION = YES_AGGRESSIVE;
				CLANG_CXX_LANGUAGE_STANDARD = "gnu++14";
				CLANG_CXX_LIBRARY = "libc++";
				CLANG_ENABLE_MODULES = YES;
				CLANG_ENABLE_OBJC_ARC = YES;
				CLANG_WARN_BLOCK_CAPTURE_AUTORELEASING = YES;
				CLANG_WARN_BOOL_CONVERSION = YES;
				CLANG_WARN_COMMA = YES;
				CLANG_WARN_CONSTANT_CONVERSION = YES;
				CLANG_WARN_DIRECT_OBJC_ISA_USAGE = YES_ERROR;
				CLANG_WARN_DOCUMENTATION_COMMENTS = YES;
				CLANG_WARN_EMPTY_BODY = YES;
				CLANG_WARN_ENUM_CONVERSION = YES;
				CLANG_WARN_INFINITE_RECURSION = YES;
				CLANG_WARN_INT_CONVERSION = YES;
				CLANG_WARN_NON_LITERAL_NULL_CONVERSION = YES;
				CLANG_WARN_OBJC_LITERAL_CONVERSION = YES;
				CLANG_WARN_OBJC_ROOT_CLASS = YES_ERROR;
				CLANG_WARN_RANGE_LOOP_ANALYSIS = YES;
				CLANG_WARN_STRICT_PROTOTYPES = YES;
				CLANG_WARN_SUSPICIOUS_MOVE = YES;
				CLANG_WARN_UNGUARDED_AVAILABILITY = YES_AGGRESSIVE;
				CLANG_WARN_UNREACHABLE_CODE = YES;
				CLANG_WARN__DUPLICATE_METHOD_MATCH = YES;
				CODE_SIGN_IDENTITY = "iPhone Developer";
				COPY_PHASE_STRIP = NO;
				DEBUG_INFORMATION_FORMAT = dwarf;
				ENABLE_STRICT_OBJC_MSGSEND = YES;
				ENABLE_TESTABILITY = YES;
				GCC_C_LANGUAGE_STANDARD = gnu11;
				GCC_DYNAMIC_NO_PIC = NO;
				GCC_NO_COMMON_BLOCKS = YES;
				GCC_OPTIMIZATION_LEVEL = 0;
				GCC_PREPROCESSOR_DEFINITIONS = (
					"DEBUG=1",
					"$(inherited)",
				);
				GCC_WARN_64_TO_32_BIT_CONVERSION = YES;
				GCC_WARN_ABOUT_RETURN_TYPE = YES_ERROR;
				GCC_WARN_UNDECLARED_SELECTOR = YES;
				GCC_WARN_UNINITIALIZED_AUTOS = YES_AGGRESSIVE;
				GCC_WARN_UNUSED_FUNCTION = YES;
				GCC_WARN_UNUSED_VARIABLE = YES;
				IPHONEOS_DEPLOYMENT_TARGET = 11.2;
				MTL_ENABLE_DEBUG_INFO = YES;
				ONLY_ACTIVE_ARCH = YES;
				SDKROOT = iphoneos;
				SWIFT_ACTIVE_COMPILATION_CONDITIONS = DEBUG;
				SWIFT_OPTIMIZATION_LEVEL = "-Onone";
			};
			name = Debug;
		};
		A2C60930206759C800C7E2F7 /* Release */ = {
			isa = XCBuildConfiguration;
			buildSettings = {
				ALWAYS_SEARCH_USER_PATHS = NO;
				CLANG_ANALYZER_NONNULL = YES;
				CLANG_ANALYZER_NUMBER_OBJECT_CONVERSION = YES_AGGRESSIVE;
				CLANG_CXX_LANGUAGE_STANDARD = "gnu++14";
				CLANG_CXX_LIBRARY = "libc++";
				CLANG_ENABLE_MODULES = YES;
				CLANG_ENABLE_OBJC_ARC = YES;
				CLANG_WARN_BLOCK_CAPTURE_AUTORELEASING = YES;
				CLANG_WARN_BOOL_CONVERSION = YES;
				CLANG_WARN_COMMA = YES;
				CLANG_WARN_CONSTANT_CONVERSION = YES;
				CLANG_WARN_DIRECT_OBJC_ISA_USAGE = YES_ERROR;
				CLANG_WARN_DOCUMENTATION_COMMENTS = YES;
				CLANG_WARN_EMPTY_BODY = YES;
				CLANG_WARN_ENUM_CONVERSION = YES;
				CLANG_WARN_INFINITE_RECURSION = YES;
				CLANG_WARN_INT_CONVERSION = YES;
				CLANG_WARN_NON_LITERAL_NULL_CONVERSION = YES;
				CLANG_WARN_OBJC_LITERAL_CONVERSION = YES;
				CLANG_WARN_OBJC_ROOT_CLASS = YES_ERROR;
				CLANG_WARN_RANGE_LOOP_ANALYSIS = YES;
				CLANG_WARN_STRICT_PROTOTYPES = YES;
				CLANG_WARN_SUSPICIOUS_MOVE = YES;
				CLANG_WARN_UNGUARDED_AVAILABILITY = YES_AGGRESSIVE;
				CLANG_WARN_UNREACHABLE_CODE = YES;
				CLANG_WARN__DUPLICATE_METHOD_MATCH = YES;
				CODE_SIGN_IDENTITY = "iPhone Developer";
				COPY_PHASE_STRIP = NO;
				DEBUG_INFORMATION_FORMAT = "dwarf-with-dsym";
				ENABLE_NS_ASSERTIONS = NO;
				ENABLE_STRICT_OBJC_MSGSEND = YES;
				GCC_C_LANGUAGE_STANDARD = gnu11;
				GCC_NO_COMMON_BLOCKS = YES;
				GCC_WARN_64_TO_32_BIT_CONVERSION = YES;
				GCC_WARN_ABOUT_RETURN_TYPE = YES_ERROR;
				GCC_WARN_UNDECLARED_SELECTOR = YES;
				GCC_WARN_UNINITIALIZED_AUTOS = YES_AGGRESSIVE;
				GCC_WARN_UNUSED_FUNCTION = YES;
				GCC_WARN_UNUSED_VARIABLE = YES;
				IPHONEOS_DEPLOYMENT_TARGET = 11.2;
				MTL_ENABLE_DEBUG_INFO = NO;
				SDKROOT = iphoneos;
				SWIFT_OPTIMIZATION_LEVEL = "-Owholemodule";
				VALIDATE_PRODUCT = YES;
			};
			name = Release;
		};
		A2C60932206759C800C7E2F7 /* Debug */ = {
			isa = XCBuildConfiguration;
			buildSettings = {
				ASSETCATALOG_COMPILER_APPICON_NAME = AppIcon;
				CODE_SIGN_STYLE = Automatic;
				DEVELOPMENT_TEAM = 3TCCEYF5TG;
				INFOPLIST_FILE = FLICommander/Info.plist;
				IPHONEOS_DEPLOYMENT_TARGET = 10.0;
				LD_RUNPATH_SEARCH_PATHS = "$(inherited) @executable_path/Frameworks";
				PRODUCT_BUNDLE_IDENTIFIER = com.mitchell.FLICommander;
				PRODUCT_NAME = "$(TARGET_NAME)";
				SWIFT_VERSION = 4.0;
				TARGETED_DEVICE_FAMILY = "1,2";
			};
			name = Debug;
		};
		A2C60933206759C800C7E2F7 /* Release */ = {
			isa = XCBuildConfiguration;
			buildSettings = {
				ASSETCATALOG_COMPILER_APPICON_NAME = AppIcon;
				CODE_SIGN_STYLE = Automatic;
				DEVELOPMENT_TEAM = 3TCCEYF5TG;
				INFOPLIST_FILE = FLICommander/Info.plist;
				IPHONEOS_DEPLOYMENT_TARGET = 10.0;
				LD_RUNPATH_SEARCH_PATHS = "$(inherited) @executable_path/Frameworks";
				PRODUCT_BUNDLE_IDENTIFIER = com.mitchell.FLICommander;
				PRODUCT_NAME = "$(TARGET_NAME)";
				SWIFT_VERSION = 4.0;
				TARGETED_DEVICE_FAMILY = "1,2";
			};
			name = Release;
		};
/* End XCBuildConfiguration section */

/* Begin XCConfigurationList section */
		A2C6091A206759C800C7E2F7 /* Build configuration list for PBXProject "FLICommander" */ = {
			isa = XCConfigurationList;
			buildConfigurations = (
				A2C6092F206759C800C7E2F7 /* Debug */,
				A2C60930206759C800C7E2F7 /* Release */,
			);
			defaultConfigurationIsVisible = 0;
			defaultConfigurationName = Release;
		};
		A2C60931206759C800C7E2F7 /* Build configuration list for PBXNativeTarget "FLICommander" */ = {
			isa = XCConfigurationList;
			buildConfigurations = (
				A2C60932206759C800C7E2F7 /* Debug */,
				A2C60933206759C800C7E2F7 /* Release */,
			);
			defaultConfigurationIsVisible = 0;
			defaultConfigurationName = Release;
		};
/* End XCConfigurationList section */
	};
	rootObject = A2C60917206759C800C7E2F7 /* Project object */;
}
